{
  "requires": true,
  "lockfileVersion": 1,
  "dependencies": {
    "react-native-maps": {
      "version": "0.27.0",
      "resolved": "https://registry.npmjs.org/react-native-maps/-/react-native-maps-0.27.0.tgz",
      "integrity": "sha512-jyvgJQRbbJp79p4DV0F8uM+c71les78ZFMBaOs3GUYZRitOmGx8T1o/0YwYlX3Oi9NOICCSVIyi/a+nujSmhPQ=="
    }
  }
}
